
Microsoft Visual Studio Solution File, Format Version 12.00
# Visual Studio Version 17
VisualStudioVersion = 17.4.33122.133
MinimumVisualStudioVersion = 10.0.40219.1
Project("{9A19103F-16F7-4668-BE54-9A1E7A4F7556}") = "Sechat.Service", "Sechat.Service\Sechat.Service.csproj", "{7713768B-8D6D-44D8-ACE6-3D4641D753C8}"
EndProject
Project("{9A19103F-16F7-4668-BE54-9A1E7A4F7556}") = "Sechat.Data", "Sechat.Data\Sechat.Data.csproj", "{FC31E2D9-2FDC-45D6-AFF4-03274B0A6974}"
EndProject
Project("{9A19103F-16F7-4668-BE54-9A1E7A4F7556}") = "Sechat.Tests", "Sechat.Tests\Sechat.Tests.csproj", "{F8465491-F1EA-4152-AA94-2CB2209C8696}"
EndProject
Project("{9A19103F-16F7-4668-BE54-9A1E7A4F7556}") = "Sechat.Domain", "Sechat.Domain\Sechat.Domain.csproj", "{DBB20E0E-3E61-4A0E-9862-B0CA0C927BC2}"
EndProject
Project("{9A19103F-16F7-4668-BE54-9A1E7A4F7556}") = "Sechat.TestConsole", "Sechat.TestConsole\Sechat.TestConsole.csproj", "{AB93C6AE-D8DB-4A4C-B501-762AA036558E}"
EndProject
Global
	GlobalSection(SolutionConfigurationPlatforms) = preSolution
		Debug|Any CPU = Debug|Any CPU
		Release|Any CPU = Release|Any CPU
	EndGlobalSection
	GlobalSection(ProjectConfigurationPlatforms) = postSolution
		{7713768B-8D6D-44D8-ACE6-3D4641D753C8}.Debug|Any CPU.ActiveCfg = Debug|Any CPU
		{7713768B-8D6D-44D8-ACE6-3D4641D753C8}.Debug|Any CPU.Build.0 = Debug|Any CPU
		{7713768B-8D6D-44D8-ACE6-3D4641D753C8}.Release|Any CPU.ActiveCfg = Release|Any CPU
		{7713768B-8D6D-44D8-ACE6-3D4641D753C8}.Release|Any CPU.Build.0 = Release|Any CPU
		{FC31E2D9-2FDC-45D6-AFF4-03274B0A6974}.Debug|Any CPU.ActiveCfg = Debug|Any CPU
		{FC31E2D9-2FDC-45D6-AFF4-03274B0A6974}.Debug|Any CPU.Build.0 = Debug|Any CPU
		{FC31E2D9-2FDC-45D6-AFF4-03274B0A6974}.Release|Any CPU.ActiveCfg = Release|Any CPU
		{FC31E2D9-2FDC-45D6-AFF4-03274B0A6974}.Release|Any CPU.Build.0 = Release|Any CPU
		{F8465491-F1EA-4152-AA94-2CB2209C8696}.Debug|Any CPU.ActiveCfg = Debug|Any CPU
		{F8465491-F1EA-4152-AA94-2CB2209C8696}.Debug|Any CPU.Build.0 = Debug|Any CPU
		{F8465491-F1EA-4152-AA94-2CB2209C8696}.Release|Any CPU.ActiveCfg = Release|Any CPU
		{F8465491-F1EA-4152-AA94-2CB2209C8696}.Release|Any CPU.Build.0 = Release|Any CPU
		{DBB20E0E-3E61-4A0E-9862-B0CA0C927BC2}.Debug|Any CPU.ActiveCfg = Debug|Any CPU
		{DBB20E0E-3E61-4A0E-9862-B0CA0C927BC2}.Debug|Any CPU.Build.0 = Debug|Any CPU
		{DBB20E0E-3E61-4A0E-9862-B0CA0C927BC2}.Release|Any CPU.ActiveCfg = Release|Any CPU
		{DBB20E0E-3E61-4A0E-9862-B0CA0C927BC2}.Release|Any CPU.Build.0 = Release|Any CPU
		{AB93C6AE-D8DB-4A4C-B501-762AA036558E}.Debug|Any CPU.ActiveCfg = Debug|Any CPU
		{AB93C6AE-D8DB-4A4C-B501-762AA036558E}.Debug|Any CPU.Build.0 = Debug|Any CPU
		{AB93C6AE-D8DB-4A4C-B501-762AA036558E}.Release|Any CPU.ActiveCfg = Release|Any CPU
		{AB93C6AE-D8DB-4A4C-B501-762AA036558E}.Release|Any CPU.Build.0 = Release|Any CPU
	EndGlobalSection
	GlobalSection(SolutionProperties) = preSolution
		HideSolutionNode = FALSE
	EndGlobalSection
	GlobalSection(ExtensibilityGlobals) = postSolution
		SolutionGuid = {C582DC86-5643-4656-BEC7-5829D18853C0}
	EndGlobalSection
EndGlobal
