
Microsoft Visual Studio Solution File, Format Version 12.00
# Visual Studio Version 17
VisualStudioVersion = 17.4.33122.133
MinimumVisualStudioVersion = 10.0.40219.1
Project("{FAE04EC0-301F-11D3-BF4B-00C04F79EFBC}") = "Sechat.Service", "Sechat.Service\Sechat.Service.csproj", "{7713768B-8D6D-44D8-ACE6-3D4641D753C8}"
EndProject
Global
	GlobalSection(SolutionConfigurationPlatforms) = preSolution
		Debug|Any CPU = Debug|Any CPU
		Release|Any CPU = Release|Any CPU
	EndGlobalSection
	GlobalSection(ProjectConfigurationPlatforms) = postSolution
		{7713768B-8D6D-44D8-ACE6-3D4641D753C8}.Debug|Any CPU.ActiveCfg = Debug|Any CPU
		{7713768B-8D6D-44D8-ACE6-3D4641D753C8}.Debug|Any CPU.Build.0 = Debug|Any CPU
		{7713768B-8D6D-44D8-ACE6-3D4641D753C8}.Release|Any CPU.ActiveCfg = Release|Any CPU
		{7713768B-8D6D-44D8-ACE6-3D4641D753C8}.Release|Any CPU.Build.0 = Release|Any CPU
	EndGlobalSection
	GlobalSection(SolutionProperties) = preSolution
		HideSolutionNode = FALSE
	EndGlobalSection
	GlobalSection(ExtensibilityGlobals) = postSolution
		SolutionGuid = {C582DC86-5643-4656-BEC7-5829D18853C0}
	EndGlobalSection
EndGlobal
